
Microsoft Visual Studio Solution File, Format Version 12.00
# Visual Studio 15
VisualStudioVersion = 15.0.27703.2018
MinimumVisualStudioVersion = 10.0.40219.1
Project("{8BC9CEB8-8B4A-11D0-8D11-00A0C91BC942}") = "external_csgo", "external_csgo\external_csgo.vcxproj", "{5BCD3524-9044-40F6-B789-C3861B6E6B76}"
EndProject
Global
	GlobalSection(SolutionConfigurationPlatforms) = preSolution
		Debug|x64 = Debug|x64
		Debug|x86 = Debug|x86
		Release|x64 = Release|x64
		Release|x86 = Release|x86
	EndGlobalSection
	GlobalSection(ProjectConfigurationPlatforms) = postSolution
		{5BCD3524-9044-40F6-B789-C3861B6E6B76}.Debug|x64.ActiveCfg = Debug|x64
		{5BCD3524-9044-40F6-B789-C3861B6E6B76}.Debug|x64.Build.0 = Debug|x64
		{5BCD3524-9044-40F6-B789-C3861B6E6B76}.Debug|x86.ActiveCfg = Debug|Win32
		{5BCD3524-9044-40F6-B789-C3861B6E6B76}.Debug|x86.Build.0 = Debug|Win32
		{5BCD3524-9044-40F6-B789-C3861B6E6B76}.Release|x64.ActiveCfg = Release|x64
		{5BCD3524-9044-40F6-B789-C3861B6E6B76}.Release|x64.Build.0 = Release|x64
		{5BCD3524-9044-40F6-B789-C3861B6E6B76}.Release|x86.ActiveCfg = Release|Win32
		{5BCD3524-9044-40F6-B789-C3861B6E6B76}.Release|x86.Build.0 = Release|Win32
	EndGlobalSection
	GlobalSection(SolutionProperties) = preSolution
		HideSolutionNode = FALSE
	EndGlobalSection
	GlobalSection(ExtensibilityGlobals) = postSolution
		SolutionGuid = {71228B1A-D9E3-4E5E-BDA4-663CF996BD40}
	EndGlobalSection
EndGlobal
